// !$*UTF8*$!
{
	archiveVersion = 1;
	classes = {
	};
	objectVersion = 46;
	objects = {

/* Begin PBXBuildFile section */
		09B00EE11F4C296500255DA2 /* AppDelegate.swift in Sources */ = {isa = PBXBuildFile; fileRef = 09B00EE01F4C296500255DA2 /* AppDelegate.swift */; };
		09B00EE31F4C296500255DA2 /* ViewController.swift in Sources */ = {isa = PBXBuildFile; fileRef = 09B00EE21F4C296500255DA2 /* ViewController.swift */; };
		09B00EE61F4C296500255DA2 /* Main.storyboard in Resources */ = {isa = PBXBuildFile; fileRef = 09B00EE41F4C296500255DA2 /* Main.storyboard */; };
		09B00EE81F4C296500255DA2 /* Assets.xcassets in Resources */ = {isa = PBXBuildFile; fileRef = 09B00EE71F4C296500255DA2 /* Assets.xcassets */; };
		09B00EEB1F4C296500255DA2 /* LaunchScreen.storyboard in Resources */ = {isa = PBXBuildFile; fileRef = 09B00EE91F4C296500255DA2 /* LaunchScreen.storyboard */; };
		1778E38B2E5433B8508F11CF /* Pods_DesignableTextFieldDemo.framework in Frameworks */ = {isa = PBXBuildFile; fileRef = 6FD26B15CC7155C4BB51E7DC /* Pods_DesignableTextFieldDemo.framework */; };
/* End PBXBuildFile section */

/* Begin PBXFileReference section */
		09B00EDD1F4C296500255DA2 /* DesignableTextFieldDemo.app */ = {isa = PBXFileReference; explicitFileType = wrapper.application; includeInIndex = 0; path = DesignableTextFieldDemo.app; sourceTree = BUILT_PRODUCTS_DIR; };
		09B00EE01F4C296500255DA2 /* AppDelegate.swift */ = {isa = PBXFileReference; lastKnownFileType = sourcecode.swift; path = AppDelegate.swift; sourceTree = "<group>"; };
		09B00EE21F4C296500255DA2 /* ViewController.swift */ = {isa = PBXFileReference; lastKnownFileType = sourcecode.swift; path = ViewController.swift; sourceTree = "<group>"; };
		09B00EE51F4C296500255DA2 /* Base */ = {isa = PBXFileReference; lastKnownFileType = file.storyboard; name = Base; path = Base.lproj/Main.storyboard; sourceTree = "<group>"; };
		09B00EE71F4C296500255DA2 /* Assets.xcassets */ = {isa = PBXFileReference; lastKnownFileType = folder.assetcatalog; path = Assets.xcassets; sourceTree = "<group>"; };
		09B00EEA1F4C296500255DA2 /* Base */ = {isa = PBXFileReference; lastKnownFileType = file.storyboard; name = Base; path = Base.lproj/LaunchScreen.storyboard; sourceTree = "<group>"; };
		09B00EEC1F4C296500255DA2 /* Info.plist */ = {isa = PBXFileReference; lastKnownFileType = text.plist.xml; path = Info.plist; sourceTree = "<group>"; };
		1907CC81D56A39E54F074573 /* Pods-DesignableTextFieldDemo.debug.xcconfig */ = {isa = PBXFileReference; includeInIndex = 1; lastKnownFileType = text.xcconfig; name = "Pods-DesignableTextFieldDemo.debug.xcconfig"; path = "Pods/Target Support Files/Pods-DesignableTextFieldDemo/Pods-DesignableTextFieldDemo.debug.xcconfig"; sourceTree = "<group>"; };
		3C28DAD38B9ECF9495C1FEB3 /* Pods-DesignableTextFieldDemo.release.xcconfig */ = {isa = PBXFileReference; includeInIndex = 1; lastKnownFileType = text.xcconfig; name = "Pods-DesignableTextFieldDemo.release.xcconfig"; path = "Pods/Target Support Files/Pods-DesignableTextFieldDemo/Pods-DesignableTextFieldDemo.release.xcconfig"; sourceTree = "<group>"; };
		6FD26B15CC7155C4BB51E7DC /* Pods_DesignableTextFieldDemo.framework */ = {isa = PBXFileReference; explicitFileType = wrapper.framework; includeInIndex = 0; path = Pods_DesignableTextFieldDemo.framework; sourceTree = BUILT_PRODUCTS_DIR; };
/* End PBXFileReference section */

/* Begin PBXFrameworksBuildPhase section */
		09B00EDA1F4C296500255DA2 /* Frameworks */ = {
			isa = PBXFrameworksBuildPhase;
			buildActionMask = 2147483647;
			files = (
				1778E38B2E5433B8508F11CF /* Pods_DesignableTextFieldDemo.framework in Frameworks */,
			);
			runOnlyForDeploymentPostprocessing = 0;
		};
/* End PBXFrameworksBuildPhase section */

/* Begin PBXGroup section */
		09B00ED41F4C296500255DA2 = {
			isa = PBXGroup;
			children = (
				09B00EDF1F4C296500255DA2 /* DesignableTextFieldDemo */,
				09B00EDE1F4C296500255DA2 /* Products */,
				D74C11856EAAFF204EB89490 /* Pods */,
				0BACBEC595C16CFEA698CDD3 /* Frameworks */,
			);
			sourceTree = "<group>";
		};
		09B00EDE1F4C296500255DA2 /* Products */ = {
			isa = PBXGroup;
			children = (
				09B00EDD1F4C296500255DA2 /* DesignableTextFieldDemo.app */,
			);
			name = Products;
			sourceTree = "<group>";
		};
		09B00EDF1F4C296500255DA2 /* DesignableTextFieldDemo */ = {
			isa = PBXGroup;
			children = (
				09B00EE01F4C296500255DA2 /* AppDelegate.swift */,
				09B00EE21F4C296500255DA2 /* ViewController.swift */,
				09B00EE41F4C296500255DA2 /* Main.storyboard */,
				09B00EE71F4C296500255DA2 /* Assets.xcassets */,
				09B00EE91F4C296500255DA2 /* LaunchScreen.storyboard */,
				09B00EEC1F4C296500255DA2 /* Info.plist */,
			);
			path = DesignableTextFieldDemo;
			sourceTree = "<group>";
		};
		0BACBEC595C16CFEA698CDD3 /* Frameworks */ = {
			isa = PBXGroup;
			children = (
				6FD26B15CC7155C4BB51E7DC /* Pods_DesignableTextFieldDemo.framework */,
			);
			name = Frameworks;
			sourceTree = "<group>";
		};
		D74C11856EAAFF204EB89490 /* Pods */ = {
			isa = PBXGroup;
			children = (
				1907CC81D56A39E54F074573 /* Pods-DesignableTextFieldDemo.debug.xcconfig */,
				3C28DAD38B9ECF9495C1FEB3 /* Pods-DesignableTextFieldDemo.release.xcconfig */,
			);
			name = Pods;
			sourceTree = "<group>";
		};
/* End PBXGroup section */

/* Begin PBXNativeTarget section */
		09B00EDC1F4C296500255DA2 /* DesignableTextFieldDemo */ = {
			isa = PBXNativeTarget;
			buildConfigurationList = 09B00EEF1F4C296500255DA2 /* Build configuration list for PBXNativeTarget "DesignableTextFieldDemo" */;
			buildPhases = (
				E11C1F9EA2C6FC37E8AC9D4C /* [CP] Check Pods Manifest.lock */,
				09B00ED91F4C296500255DA2 /* Sources */,
				09B00EDA1F4C296500255DA2 /* Frameworks */,
				09B00EDB1F4C296500255DA2 /* Resources */,
				BEC10175092E7C6317C7C6C6 /* [CP] Embed Pods Frameworks */,
				E161F97053E520B9B1D9569C /* [CP] Copy Pods Resources */,
			);
			buildRules = (
			);
			dependencies = (
			);
			name = DesignableTextFieldDemo;
			productName = DesignableTextFieldDemo;
			productReference = 09B00EDD1F4C296500255DA2 /* DesignableTextFieldDemo.app */;
			productType = "com.apple.product-type.application";
		};
/* End PBXNativeTarget section */

/* Begin PBXProject section */
		09B00ED51F4C296500255DA2 /* Project object */ = {
			isa = PBXProject;
			attributes = {
				LastSwiftUpdateCheck = 0830;
				LastUpgradeCheck = 0830;
				ORGANIZATIONNAME = "Oleksandr Pronin";
				TargetAttributes = {
					09B00EDC1F4C296500255DA2 = {
						CreatedOnToolsVersion = 8.3.3;
						DevelopmentTeam = Q8M6V9HM9E;
						ProvisioningStyle = Automatic;
					};
				};
			};
			buildConfigurationList = 09B00ED81F4C296500255DA2 /* Build configuration list for PBXProject "DesignableTextFieldDemo" */;
			compatibilityVersion = "Xcode 3.2";
			developmentRegion = English;
			hasScannedForEncodings = 0;
			knownRegions = (
				en,
				Base,
			);
			mainGroup = 09B00ED41F4C296500255DA2;
			productRefGroup = 09B00EDE1F4C296500255DA2 /* Products */;
			projectDirPath = "";
			projectRoot = "";
			targets = (
				09B00EDC1F4C296500255DA2 /* DesignableTextFieldDemo */,
			);
		};
/* End PBXProject section */

/* Begin PBXResourcesBuildPhase section */
		09B00EDB1F4C296500255DA2 /* Resources */ = {
			isa = PBXResourcesBuildPhase;
			buildActionMask = 2147483647;
			files = (
				09B00EEB1F4C296500255DA2 /* LaunchScreen.storyboard in Resources */,
				09B00EE81F4C296500255DA2 /* Assets.xcassets in Resources */,
				09B00EE61F4C296500255DA2 /* Main.storyboard in Resources */,
			);
			runOnlyForDeploymentPostprocessing = 0;
		};
/* End PBXResourcesBuildPhase section */

/* Begin PBXShellScriptBuildPhase section */
		BEC10175092E7C6317C7C6C6 /* [CP] Embed Pods Frameworks */ = {
			isa = PBXShellScriptBuildPhase;
			buildActionMask = 2147483647;
			files = (
			);
			inputPaths = (
				"${SRCROOT}/Pods/Target Support Files/Pods-DesignableTextFieldDemo/Pods-DesignableTextFieldDemo-frameworks.sh",
				"${BUILT_PRODUCTS_DIR}/DesignableTextField/DesignableTextField.framework",
			);
			name = "[CP] Embed Pods Frameworks";
			outputPaths = (
				"${TARGET_BUILD_DIR}/${FRAMEWORKS_FOLDER_PATH}/DesignableTextField.framework",
			);
			runOnlyForDeploymentPostprocessing = 0;
			shellPath = /bin/sh;
			shellScript = "\"${SRCROOT}/Pods/Target Support Files/Pods-DesignableTextFieldDemo/Pods-DesignableTextFieldDemo-frameworks.sh\"\n";
			showEnvVarsInLog = 0;
		};
		E11C1F9EA2C6FC37E8AC9D4C /* [CP] Check Pods Manifest.lock */ = {
			isa = PBXShellScriptBuildPhase;
			buildActionMask = 2147483647;
			files = (
			);
			inputPaths = (
				"${PODS_PODFILE_DIR_PATH}/Podfile.lock",
				"${PODS_ROOT}/Manifest.lock",
			);
			name = "[CP] Check Pods Manifest.lock";
			outputPaths = (
				"$(DERIVED_FILE_DIR)/Pods-DesignableTextFieldDemo-checkManifestLockResult.txt",
			);
			runOnlyForDeploymentPostprocessing = 0;
			shellPath = /bin/sh;
			shellScript = "diff \"${PODS_PODFILE_DIR_PATH}/Podfile.lock\" \"${PODS_ROOT}/Manifest.lock\" > /dev/null\nif [ $? != 0 ] ; then\n    # print error to STDERR\n    echo \"error: The sandbox is not in sync with the Podfile.lock. Run 'pod install' or update your CocoaPods installation.\" >&2\n    exit 1\nfi\n# This output is used by Xcode 'outputs' to avoid re-running this script phase.\necho \"SUCCESS\" > \"${SCRIPT_OUTPUT_FILE_0}\"\n";
			showEnvVarsInLog = 0;
		};
		E161F97053E520B9B1D9569C /* [CP] Copy Pods Resources */ = {
			isa = PBXShellScriptBuildPhase;
			buildActionMask = 2147483647;
			files = (
			);
			inputPaths = (
			);
			name = "[CP] Copy Pods Resources";
			outputPaths = (
			);
			runOnlyForDeploymentPostprocessing = 0;
			shellPath = /bin/sh;
			shellScript = "\"${SRCROOT}/Pods/Target Support Files/Pods-DesignableTextFieldDemo/Pods-DesignableTextFieldDemo-resources.sh\"\n";
			showEnvVarsInLog = 0;
		};
/* End PBXShellScriptBuildPhase section */

/* Begin PBXSourcesBuildPhase section */
		09B00ED91F4C296500255DA2 /* Sources */ = {
			isa = PBXSourcesBuildPhase;
			buildActionMask = 2147483647;
			files = (
				09B00EE31F4C296500255DA2 /* ViewController.swift in Sources */,
				09B00EE11F4C296500255DA2 /* AppDelegate.swift in Sources */,
			);
			runOnlyForDeploymentPostprocessing = 0;
		};
/* End PBXSourcesBuildPhase section */

/* Begin PBXVariantGroup section */
		09B00EE41F4C296500255DA2 /* Main.storyboard */ = {
			isa = PBXVariantGroup;
			children = (
				09B00EE51F4C296500255DA2 /* Base */,
			);
			name = Main.storyboard;
			sourceTree = "<group>";
		};
		09B00EE91F4C296500255DA2 /* LaunchScreen.storyboard */ = {
			isa = PBXVariantGroup;
			children = (
				09B00EEA1F4C296500255DA2 /* Base */,
			);
			name = LaunchScreen.storyboard;
			sourceTree = "<group>";
		};
/* End PBXVariantGroup section */

/* Begin XCBuildConfiguration section */
		09B00EED1F4C296500255DA2 /* Debug */ = {
			isa = XCBuildConfiguration;
			buildSettings = {
				ALWAYS_SEARCH_USER_PATHS = NO;
				CLANG_ANALYZER_NONNULL = YES;
				CLANG_ANALYZER_NUMBER_OBJECT_CONVERSION = YES_AGGRESSIVE;
				CLANG_CXX_LANGUAGE_STANDARD = "gnu++0x";
				CLANG_CXX_LIBRARY = "libc++";
				CLANG_ENABLE_MODULES = YES;
				CLANG_ENABLE_OBJC_ARC = YES;
				CLANG_WARN_BOOL_CONVERSION = YES;
				CLANG_WARN_CONSTANT_CONVERSION = YES;
				CLANG_WARN_DIRECT_OBJC_ISA_USAGE = YES_ERROR;
				CLANG_WARN_DOCUMENTATION_COMMENTS = YES;
				CLANG_WARN_EMPTY_BODY = YES;
				CLANG_WARN_ENUM_CONVERSION = YES;
				CLANG_WARN_INFINITE_RECURSION = YES;
				CLANG_WARN_INT_CONVERSION = YES;
				CLANG_WARN_OBJC_ROOT_CLASS = YES_ERROR;
				CLANG_WARN_SUSPICIOUS_MOVE = YES;
				CLANG_WARN_UNREACHABLE_CODE = YES;
				CLANG_WARN__DUPLICATE_METHOD_MATCH = YES;
				"CODE_SIGN_IDENTITY[sdk=iphoneos*]" = "iPhone Developer";
				COPY_PHASE_STRIP = NO;
				DEBUG_INFORMATION_FORMAT = dwarf;
				ENABLE_STRICT_OBJC_MSGSEND = YES;
				ENABLE_TESTABILITY = YES;
				GCC_C_LANGUAGE_STANDARD = gnu99;
				GCC_DYNAMIC_NO_PIC = NO;
				GCC_NO_COMMON_BLOCKS = YES;
				GCC_OPTIMIZATION_LEVEL = 0;
				GCC_PREPROCESSOR_DEFINITIONS = (
					"DEBUG=1",
					"$(inherited)",
				);
				GCC_WARN_64_TO_32_BIT_CONVERSION = YES;
				GCC_WARN_ABOUT_RETURN_TYPE = YES_ERROR;
				GCC_WARN_UNDECLARED_SELECTOR = YES;
				GCC_WARN_UNINITIALIZED_AUTOS = YES_AGGRESSIVE;
				GCC_WARN_UNUSED_FUNCTION = YES;
				GCC_WARN_UNUSED_VARIABLE = YES;
				IPHONEOS_DEPLOYMENT_TARGET = 10.3;
				MTL_ENABLE_DEBUG_INFO = YES;
				ONLY_ACTIVE_ARCH = YES;
				SDKROOT = iphoneos;
				SWIFT_ACTIVE_COMPILATION_CONDITIONS = DEBUG;
				SWIFT_OPTIMIZATION_LEVEL = "-Onone";
				TARGETED_DEVICE_FAMILY = "1,2";
			};
			name = Debug;
		};
		09B00EEE1F4C296500255DA2 /* Release */ = {
			isa = XCBuildConfiguration;
			buildSettings = {
				ALWAYS_SEARCH_USER_PATHS = NO;
				CLANG_ANALYZER_NONNULL = YES;
				CLANG_ANALYZER_NUMBER_OBJECT_CONVERSION = YES_AGGRESSIVE;
				CLANG_CXX_LANGUAGE_STANDARD = "gnu++0x";
				CLANG_CXX_LIBRARY = "libc++";
				CLANG_ENABLE_MODULES = YES;
				CLANG_ENABLE_OBJC_ARC = YES;
				CLANG_WARN_BOOL_CONVERSION = YES;
				CLANG_WARN_CONSTANT_CONVERSION = YES;
				CLANG_WARN_DIRECT_OBJC_ISA_USAGE = YES_ERROR;
				CLANG_WARN_DOCUMENTATION_COMMENTS = YES;
				CLANG_WARN_EMPTY_BODY = YES;
				CLANG_WARN_ENUM_CONVERSION = YES;
				CLANG_WARN_INFINITE_RECURSION = YES;
				CLANG_WARN_INT_CONVERSION = YES;
				CLANG_WARN_OBJC_ROOT_CLASS = YES_ERROR;
				CLANG_WARN_SUSPICIOUS_MOVE = YES;
				CLANG_WARN_UNREACHABLE_CODE = YES;
				CLANG_WARN__DUPLICATE_METHOD_MATCH = YES;
				"CODE_SIGN_IDENTITY[sdk=iphoneos*]" = "iPhone Developer";
				COPY_PHASE_STRIP = NO;
				DEBUG_INFORMATION_FORMAT = "dwarf-with-dsym";
				ENABLE_NS_ASSERTIONS = NO;
				ENABLE_STRICT_OBJC_MSGSEND = YES;
				GCC_C_LANGUAGE_STANDARD = gnu99;
				GCC_NO_COMMON_BLOCKS = YES;
				GCC_WARN_64_TO_32_BIT_CONVERSION = YES;
				GCC_WARN_ABOUT_RETURN_TYPE = YES_ERROR;
				GCC_WARN_UNDECLARED_SELECTOR = YES;
				GCC_WARN_UNINITIALIZED_AUTOS = YES_AGGRESSIVE;
				GCC_WARN_UNUSED_FUNCTION = YES;
				GCC_WARN_UNUSED_VARIABLE = YES;
				IPHONEOS_DEPLOYMENT_TARGET = 10.3;
				MTL_ENABLE_DEBUG_INFO = NO;
				SDKROOT = iphoneos;
				SWIFT_OPTIMIZATION_LEVEL = "-Owholemodule";
				TARGETED_DEVICE_FAMILY = "1,2";
				VALIDATE_PRODUCT = YES;
			};
			name = Release;
		};
		09B00EF01F4C296500255DA2 /* Debug */ = {
			isa = XCBuildConfiguration;
			baseConfigurationReference = 1907CC81D56A39E54F074573 /* Pods-DesignableTextFieldDemo.debug.xcconfig */;
			buildSettings = {
				ASSETCATALOG_COMPILER_APPICON_NAME = AppIcon;
				DEVELOPMENT_TEAM = Q8M6V9HM9E;
				INFOPLIST_FILE = DesignableTextFieldDemo/Info.plist;
				LD_RUNPATH_SEARCH_PATHS = "$(inherited) @executable_path/Frameworks";
				PRODUCT_BUNDLE_IDENTIFIER = com.pronin.DesignableTextFieldDemo;
				PRODUCT_NAME = "$(TARGET_NAME)";
				SWIFT_VERSION = 3.0;
			};
			name = Debug;
		};
		09B00EF11F4C296500255DA2 /* Release */ = {
			isa = XCBuildConfiguration;
			baseConfigurationReference = 3C28DAD38B9ECF9495C1FEB3 /* Pods-DesignableTextFieldDemo.release.xcconfig */;
			buildSettings = {
				ASSETCATALOG_COMPILER_APPICON_NAME = AppIcon;
				DEVELOPMENT_TEAM = Q8M6V9HM9E;
				INFOPLIST_FILE = DesignableTextFieldDemo/Info.plist;
				LD_RUNPATH_SEARCH_PATHS = "$(inherited) @executable_path/Frameworks";
				PRODUCT_BUNDLE_IDENTIFIER = com.pronin.DesignableTextFieldDemo;
				PRODUCT_NAME = "$(TARGET_NAME)";
				SWIFT_VERSION = 3.0;
			};
			name = Release;
		};
/* End XCBuildConfiguration section */

/* Begin XCConfigurationList section */
		09B00ED81F4C296500255DA2 /* Build configuration list for PBXProject "DesignableTextFieldDemo" */ = {
			isa = XCConfigurationList;
			buildConfigurations = (
				09B00EED1F4C296500255DA2 /* Debug */,
				09B00EEE1F4C296500255DA2 /* Release */,
			);
			defaultConfigurationIsVisible = 0;
			defaultConfigurationName = Release;
		};
		09B00EEF1F4C296500255DA2 /* Build configuration list for PBXNativeTarget "DesignableTextFieldDemo" */ = {
			isa = XCConfigurationList;
			buildConfigurations = (
				09B00EF01F4C296500255DA2 /* Debug */,
				09B00EF11F4C296500255DA2 /* Release */,
			);
			defaultConfigurationIsVisible = 0;
			defaultConfigurationName = Release;
		};
/* End XCConfigurationList section */
	};
	rootObject = 09B00ED51F4C296500255DA2 /* Project object */;
}
